// !$*UTF8*$!
{
	archiveVersion = 1;
	classes = {
	};
	objectVersion = 50;
	objects = {

/* Begin PBXBuildFile section */
		18257E1B25837E6D000947CF /* AppDelegate.swift in Sources */ = {isa = PBXBuildFile; fileRef = 18257E1A25837E6D000947CF /* AppDelegate.swift */; };
		18257E1D25837E6D000947CF /* SceneDelegate.swift in Sources */ = {isa = PBXBuildFile; fileRef = 18257E1C25837E6D000947CF /* SceneDelegate.swift */; };
		18257E1F25837E6D000947CF /* ViewController.swift in Sources */ = {isa = PBXBuildFile; fileRef = 18257E1E25837E6D000947CF /* ViewController.swift */; };
		18257E2225837E6D000947CF /* Main.storyboard in Resources */ = {isa = PBXBuildFile; fileRef = 18257E2025837E6D000947CF /* Main.storyboard */; };
		18257E2525837E6D000947CF /* MConnectIndia.xcdatamodeld in Sources */ = {isa = PBXBuildFile; fileRef = 18257E2325837E6D000947CF /* MConnectIndia.xcdatamodeld */; };
		18257E2725837E70000947CF /* Assets.xcassets in Resources */ = {isa = PBXBuildFile; fileRef = 18257E2625837E70000947CF /* Assets.xcassets */; };
		18257E2A25837E70000947CF /* LaunchScreen.storyboard in Resources */ = {isa = PBXBuildFile; fileRef = 18257E2825837E70000947CF /* LaunchScreen.storyboard */; };
/* End PBXBuildFile section */

/* Begin PBXFileReference section */
		18257E1725837E6D000947CF /* MConnectIndia.app */ = {isa = PBXFileReference; explicitFileType = wrapper.application; includeInIndex = 0; path = MConnectIndia.app; sourceTree = BUILT_PRODUCTS_DIR; };
		18257E1A25837E6D000947CF /* AppDelegate.swift */ = {isa = PBXFileReference; lastKnownFileType = sourcecode.swift; path = AppDelegate.swift; sourceTree = "<group>"; };
		18257E1C25837E6D000947CF /* SceneDelegate.swift */ = {isa = PBXFileReference; lastKnownFileType = sourcecode.swift; path = SceneDelegate.swift; sourceTree = "<group>"; };
		18257E1E25837E6D000947CF /* ViewController.swift */ = {isa = PBXFileReference; lastKnownFileType = sourcecode.swift; path = ViewController.swift; sourceTree = "<group>"; };
		18257E2125837E6D000947CF /* Base */ = {isa = PBXFileReference; lastKnownFileType = file.storyboard; name = Base; path = Base.lproj/Main.storyboard; sourceTree = "<group>"; };
		18257E2425837E6D000947CF /* MConnectIndia.xcdatamodel */ = {isa = PBXFileReference; lastKnownFileType = wrapper.xcdatamodel; path = MConnectIndia.xcdatamodel; sourceTree = "<group>"; };
		18257E2625837E70000947CF /* Assets.xcassets */ = {isa = PBXFileReference; lastKnownFileType = folder.assetcatalog; path = Assets.xcassets; sourceTree = "<group>"; };
		18257E2925837E70000947CF /* Base */ = {isa = PBXFileReference; lastKnownFileType = file.storyboard; name = Base; path = Base.lproj/LaunchScreen.storyboard; sourceTree = "<group>"; };
		18257E2B25837E70000947CF /* Info.plist */ = {isa = PBXFileReference; lastKnownFileType = text.plist.xml; path = Info.plist; sourceTree = "<group>"; };
/* End PBXFileReference section */

/* Begin PBXFrameworksBuildPhase section */
		18257E1425837E6D000947CF /* Frameworks */ = {
			isa = PBXFrameworksBuildPhase;
			buildActionMask = 2147483647;
			files = (
			);
			runOnlyForDeploymentPostprocessing = 0;
		};
/* End PBXFrameworksBuildPhase section */

/* Begin PBXGroup section */
		18257E0E25837E6D000947CF = {
			isa = PBXGroup;
			children = (
				18257E1925837E6D000947CF /* MConnectIndia */,
				18257E1825837E6D000947CF /* Products */,
			);
			sourceTree = "<group>";
		};
		18257E1825837E6D000947CF /* Products */ = {
			isa = PBXGroup;
			children = (
				18257E1725837E6D000947CF /* MConnectIndia.app */,
			);
			name = Products;
			sourceTree = "<group>";
		};
		18257E1925837E6D000947CF /* MConnectIndia */ = {
			isa = PBXGroup;
			children = (
				18257E1A25837E6D000947CF /* AppDelegate.swift */,
				18257E1C25837E6D000947CF /* SceneDelegate.swift */,
				18257E1E25837E6D000947CF /* ViewController.swift */,
				18257E2025837E6D000947CF /* Main.storyboard */,
				18257E2625837E70000947CF /* Assets.xcassets */,
				18257E2825837E70000947CF /* LaunchScreen.storyboard */,
				18257E2B25837E70000947CF /* Info.plist */,
				18257E2325837E6D000947CF /* MConnectIndia.xcdatamodeld */,
			);
			path = MConnectIndia;
			sourceTree = "<group>";
		};
/* End PBXGroup section */

/* Begin PBXNativeTarget section */
		18257E1625837E6D000947CF /* MConnectIndia */ = {
			isa = PBXNativeTarget;
			buildConfigurationList = 18257E2E25837E71000947CF /* Build configuration list for PBXNativeTarget "MConnectIndia" */;
			buildPhases = (
				18257E1325837E6D000947CF /* Sources */,
				18257E1425837E6D000947CF /* Frameworks */,
				18257E1525837E6D000947CF /* Resources */,
			);
			buildRules = (
			);
			dependencies = (
			);
			name = MConnectIndia;
			productName = MConnectIndia;
			productReference = 18257E1725837E6D000947CF /* MConnectIndia.app */;
			productType = "com.apple.product-type.application";
		};
/* End PBXNativeTarget section */

/* Begin PBXProject section */
		18257E0F25837E6D000947CF /* Project object */ = {
			isa = PBXProject;
			attributes = {
				LastSwiftUpdateCheck = 1210;
				LastUpgradeCheck = 1210;
				TargetAttributes = {
					18257E1625837E6D000947CF = {
						CreatedOnToolsVersion = 12.1;
					};
				};
			};
			buildConfigurationList = 18257E1225837E6D000947CF /* Build configuration list for PBXProject "MConnectIndia" */;
			compatibilityVersion = "Xcode 9.3";
			developmentRegion = en;
			hasScannedForEncodings = 0;
			knownRegions = (
				en,
				Base,
			);
			mainGroup = 18257E0E25837E6D000947CF;
			productRefGroup = 18257E1825837E6D000947CF /* Products */;
			projectDirPath = "";
			projectRoot = "";
			targets = (
				18257E1625837E6D000947CF /* MConnectIndia */,
			);
		};
/* End PBXProject section */

/* Begin PBXResourcesBuildPhase section */
		18257E1525837E6D000947CF /* Resources */ = {
			isa = PBXResourcesBuildPhase;
			buildActionMask = 2147483647;
			files = (
				18257E2A25837E70000947CF /* LaunchScreen.storyboard in Resources */,
				18257E2725837E70000947CF /* Assets.xcassets in Resources */,
				18257E2225837E6D000947CF /* Main.storyboard in Resources */,
			);
			runOnlyForDeploymentPostprocessing = 0;
		};
/* End PBXResourcesBuildPhase section */

/* Begin PBXSourcesBuildPhase section */
		18257E1325837E6D000947CF /* Sources */ = {
			isa = PBXSourcesBuildPhase;
			buildActionMask = 2147483647;
			files = (
				18257E1F25837E6D000947CF /* ViewController.swift in Sources */,
				18257E1B25837E6D000947CF /* AppDelegate.swift in Sources */,
				18257E2525837E6D000947CF /* MConnectIndia.xcdatamodeld in Sources */,
				18257E1D25837E6D000947CF /* SceneDelegate.swift in Sources */,
			);
			runOnlyForDeploymentPostprocessing = 0;
		};
/* End PBXSourcesBuildPhase section */

/* Begin PBXVariantGroup section */
		18257E2025837E6D000947CF /* Main.storyboard */ = {
			isa = PBXVariantGroup;
			children = (
				18257E2125837E6D000947CF /* Base */,
			);
			name = Main.storyboard;
			sourceTree = "<group>";
		};
		18257E2825837E70000947CF /* LaunchScreen.storyboard */ = {
			isa = PBXVariantGroup;
			children = (
				18257E2925837E70000947CF /* Base */,
			);
			name = LaunchScreen.storyboard;
			sourceTree = "<group>";
		};
/* End PBXVariantGroup section */

/* Begin XCBuildConfiguration section */
		18257E2C25837E70000947CF /* Debug */ = {
			isa = XCBuildConfiguration;
			buildSettings = {
				ALWAYS_SEARCH_USER_PATHS = NO;
				CLANG_ANALYZER_NONNULL = YES;
				CLANG_ANALYZER_NUMBER_OBJECT_CONVERSION = YES_AGGRESSIVE;
				CLANG_CXX_LANGUAGE_STANDARD = "gnu++14";
				CLANG_CXX_LIBRARY = "libc++";
				CLANG_ENABLE_MODULES = YES;
				CLANG_ENABLE_OBJC_ARC = YES;
				CLANG_ENABLE_OBJC_WEAK = YES;
				CLANG_WARN_BLOCK_CAPTURE_AUTORELEASING = YES;
				CLANG_WARN_BOOL_CONVERSION = YES;
				CLANG_WARN_COMMA = YES;
				CLANG_WARN_CONSTANT_CONVERSION = YES;
				CLANG_WARN_DEPRECATED_OBJC_IMPLEMENTATIONS = YES;
				CLANG_WARN_DIRECT_OBJC_ISA_USAGE = YES_ERROR;
				CLANG_WARN_DOCUMENTATION_COMMENTS = YES;
				CLANG_WARN_EMPTY_BODY = YES;
				CLANG_WARN_ENUM_CONVERSION = YES;
				CLANG_WARN_INFINITE_RECURSION = YES;
				CLANG_WARN_INT_CONVERSION = YES;
				CLANG_WARN_NON_LITERAL_NULL_CONVERSION = YES;
				CLANG_WARN_OBJC_IMPLICIT_RETAIN_SELF = YES;
				CLANG_WARN_OBJC_LITERAL_CONVERSION = YES;
				CLANG_WARN_OBJC_ROOT_CLASS = YES_ERROR;
				CLANG_WARN_QUOTED_INCLUDE_IN_FRAMEWORK_HEADER = YES;
				CLANG_WARN_RANGE_LOOP_ANALYSIS = YES;
				CLANG_WARN_STRICT_PROTOTYPES = YES;
				CLANG_WARN_SUSPICIOUS_MOVE = YES;
				CLANG_WARN_UNGUARDED_AVAILABILITY = YES_AGGRESSIVE;
				CLANG_WARN_UNREACHABLE_CODE = YES;
				CLANG_WARN__DUPLICATE_METHOD_MATCH = YES;
				COPY_PHASE_STRIP = NO;
				DEBUG_INFORMATION_FORMAT = dwarf;
				ENABLE_STRICT_OBJC_MSGSEND = YES;
				ENABLE_TESTABILITY = YES;
				GCC_C_LANGUAGE_STANDARD = gnu11;
				GCC_DYNAMIC_NO_PIC = NO;
				GCC_NO_COMMON_BLOCKS = YES;
				GCC_OPTIMIZATION_LEVEL = 0;
				GCC_PREPROCESSOR_DEFINITIONS = (
					"DEBUG=1",
					"$(inherited)",
				);
				GCC_WARN_64_TO_32_BIT_CONVERSION = YES;
				GCC_WARN_ABOUT_RETURN_TYPE = YES_ERROR;
				GCC_WARN_UNDECLARED_SELECTOR = YES;
				GCC_WARN_UNINITIALIZED_AUTOS = YES_AGGRESSIVE;
				GCC_WARN_UNUSED_FUNCTION = YES;
				GCC_WARN_UNUSED_VARIABLE = YES;
				IPHONEOS_DEPLOYMENT_TARGET = 14.1;
				MTL_ENABLE_DEBUG_INFO = INCLUDE_SOURCE;
				MTL_FAST_MATH = YES;
				ONLY_ACTIVE_ARCH = YES;
				SDKROOT = iphoneos;
				SWIFT_ACTIVE_COMPILATION_CONDITIONS = DEBUG;
				SWIFT_OPTIMIZATION_LEVEL = "-Onone";
			};
			name = Debug;
		};
		18257E2D25837E70000947CF /* Release */ = {
			isa = XCBuildConfiguration;
			buildSettings = {
				ALWAYS_SEARCH_USER_PATHS = NO;
				CLANG_ANALYZER_NONNULL = YES;
				CLANG_ANALYZER_NUMBER_OBJECT_CONVERSION = YES_AGGRESSIVE;
				CLANG_CXX_LANGUAGE_STANDARD = "gnu++14";
				CLANG_CXX_LIBRARY = "libc++";
				CLANG_ENABLE_MODULES = YES;
				CLANG_ENABLE_OBJC_ARC = YES;
				CLANG_ENABLE_OBJC_WEAK = YES;
				CLANG_WARN_BLOCK_CAPTURE_AUTORELEASING = YES;
				CLANG_WARN_BOOL_CONVERSION = YES;
				CLANG_WARN_COMMA = YES;
				CLANG_WARN_CONSTANT_CONVERSION = YES;
				CLANG_WARN_DEPRECATED_OBJC_IMPLEMENTATIONS = YES;
				CLANG_WARN_DIRECT_OBJC_ISA_USAGE = YES_ERROR;
				CLANG_WARN_DOCUMENTATION_COMMENTS = YES;
				CLANG_WARN_EMPTY_BODY = YES;
				CLANG_WARN_ENUM_CONVERSION = YES;
				CLANG_WARN_INFINITE_RECURSION = YES;
				CLANG_WARN_INT_CONVERSION = YES;
				CLANG_WARN_NON_LITERAL_NULL_CONVERSION = YES;
				CLANG_WARN_OBJC_IMPLICIT_RETAIN_SELF = YES;
				CLANG_WARN_OBJC_LITERAL_CONVERSION = YES;
				CLANG_WARN_OBJC_ROOT_CLASS = YES_ERROR;
				CLANG_WARN_QUOTED_INCLUDE_IN_FRAMEWORK_HEADER = YES;
				CLANG_WARN_RANGE_LOOP_ANALYSIS = YES;
				CLANG_WARN_STRICT_PROTOTYPES = YES;
				CLANG_WARN_SUSPICIOUS_MOVE = YES;
				CLANG_WARN_UNGUARDED_AVAILABILITY = YES_AGGRESSIVE;
				CLANG_WARN_UNREACHABLE_CODE = YES;
				CLANG_WARN__DUPLICATE_METHOD_MATCH = YES;
				COPY_PHASE_STRIP = NO;
				DEBUG_INFORMATION_FORMAT = "dwarf-with-dsym";
				ENABLE_NS_ASSERTIONS = NO;
				ENABLE_STRICT_OBJC_MSGSEND = YES;
				GCC_C_LANGUAGE_STANDARD = gnu11;
				GCC_NO_COMMON_BLOCKS = YES;
				GCC_WARN_64_TO_32_BIT_CONVERSION = YES;
				GCC_WARN_ABOUT_RETURN_TYPE = YES_ERROR;
				GCC_WARN_UNDECLARED_SELECTOR = YES;
				GCC_WARN_UNINITIALIZED_AUTOS = YES_AGGRESSIVE;
				GCC_WARN_UNUSED_FUNCTION = YES;
				GCC_WARN_UNUSED_VARIABLE = YES;
				IPHONEOS_DEPLOYMENT_TARGET = 14.1;
				MTL_ENABLE_DEBUG_INFO = NO;
				MTL_FAST_MATH = YES;
				SDKROOT = iphoneos;
				SWIFT_COMPILATION_MODE = wholemodule;
				SWIFT_OPTIMIZATION_LEVEL = "-O";
				VALIDATE_PRODUCT = YES;
			};
			name = Release;
		};
		18257E2F25837E71000947CF /* Debug */ = {
			isa = XCBuildConfiguration;
			buildSettings = {
				ASSETCATALOG_COMPILER_APPICON_NAME = AppIcon;
				ASSETCATALOG_COMPILER_GLOBAL_ACCENT_COLOR_NAME = AccentColor;
				CODE_SIGN_STYLE = Automatic;
				DEVELOPMENT_TEAM = 7TTQCLNJRT;
				INFOPLIST_FILE = MConnectIndia/Info.plist;
				LD_RUNPATH_SEARCH_PATHS = (
					"$(inherited)",
					"@executable_path/Frameworks",
				);
				PRODUCT_BUNDLE_IDENTIFIER = com.MConnectIndia.hardikPatel.MConnectIndia;
				PRODUCT_NAME = "$(TARGET_NAME)";
				SWIFT_VERSION = 5.0;
				TARGETED_DEVICE_FAMILY = "1,2";
			};
			name = Debug;
		};
		18257E3025837E71000947CF /* Release */ = {
			isa = XCBuildConfiguration;
			buildSettings = {
				ASSETCATALOG_COMPILER_APPICON_NAME = AppIcon;
				ASSETCATALOG_COMPILER_GLOBAL_ACCENT_COLOR_NAME = AccentColor;
				CODE_SIGN_STYLE = Automatic;
				DEVELOPMENT_TEAM = 7TTQCLNJRT;
				INFOPLIST_FILE = MConnectIndia/Info.plist;
				LD_RUNPATH_SEARCH_PATHS = (
					"$(inherited)",
					"@executable_path/Frameworks",
				);
				PRODUCT_BUNDLE_IDENTIFIER = com.MConnectIndia.hardikPatel.MConnectIndia;
				PRODUCT_NAME = "$(TARGET_NAME)";
				SWIFT_VERSION = 5.0;
				TARGETED_DEVICE_FAMILY = "1,2";
			};
			name = Release;
		};
/* End XCBuildConfiguration section */

/* Begin XCConfigurationList section */
		18257E1225837E6D000947CF /* Build configuration list for PBXProject "MConnectIndia" */ = {
			isa = XCConfigurationList;
			buildConfigurations = (
				18257E2C25837E70000947CF /* Debug */,
				18257E2D25837E70000947CF /* Release */,
			);
			defaultConfigurationIsVisible = 0;
			defaultConfigurationName = Release;
		};
		18257E2E25837E71000947CF /* Build configuration list for PBXNativeTarget "MConnectIndia" */ = {
			isa = XCConfigurationList;
			buildConfigurations = (
				18257E2F25837E71000947CF /* Debug */,
				18257E3025837E71000947CF /* Release */,
			);
			defaultConfigurationIsVisible = 0;
			defaultConfigurationName = Release;
		};
/* End XCConfigurationList section */

/* Begin XCVersionGroup section */
		18257E2325837E6D000947CF /* MConnectIndia.xcdatamodeld */ = {
			isa = XCVersionGroup;
			children = (
				18257E2425837E6D000947CF /* MConnectIndia.xcdatamodel */,
			);
			currentVersion = 18257E2425837E6D000947CF /* MConnectIndia.xcdatamodel */;
			path = MConnectIndia.xcdatamodeld;
			sourceTree = "<group>";
			versionGroupType = wrapper.xcdatamodel;
		};
/* End XCVersionGroup section */
	};
	rootObject = 18257E0F25837E6D000947CF /* Project object */;
}
